
Microsoft Visual Studio Solution File, Format Version 10.00
# Visual Studio 2008
Project("{FAE04EC0-301F-11D3-BF4B-00C04F79EFBC}") = "EntityClassGenerator", "EntityClassGenerator\EntityClassGenerator.csproj", "{3F77600B-1216-474D-BA88-2DA65DB73727}"
EndProject
Global
	GlobalSection(SolutionConfigurationPlatforms) = preSolution
		Debug|Any CPU = Debug|Any CPU
		Release|Any CPU = Release|Any CPU
	EndGlobalSection
	GlobalSection(ProjectConfigurationPlatforms) = postSolution
		{3F77600B-1216-474D-BA88-2DA65DB73727}.Debug|Any CPU.ActiveCfg = Debug|Any CPU
		{3F77600B-1216-474D-BA88-2DA65DB73727}.Debug|Any CPU.Build.0 = Debug|Any CPU
		{3F77600B-1216-474D-BA88-2DA65DB73727}.Release|Any CPU.ActiveCfg = Release|Any CPU
		{3F77600B-1216-474D-BA88-2DA65DB73727}.Release|Any CPU.Build.0 = Release|Any CPU
	EndGlobalSection
	GlobalSection(SolutionProperties) = preSolution
		HideSolutionNode = FALSE
	EndGlobalSection
EndGlobal
